// !$*UTF8*$!
{
	archiveVersion = 1;
	classes = {
	};
	objectVersion = 55;
	objects = {

/* Begin PBXBuildFile section */
		BF3A01982811DC990031AAE5 /* HotelListView.swift in Sources */ = {isa = PBXBuildFile; fileRef = BF3A01972811DC990031AAE5 /* HotelListView.swift */; };
		BF8238B828112E3F00567858 /* HotelCollectionView.swift in Sources */ = {isa = PBXBuildFile; fileRef = BF8238B728112E3F00567858 /* HotelCollectionView.swift */; };
		BFC6A4142810879C00DFD772 /* AppDelegate.swift in Sources */ = {isa = PBXBuildFile; fileRef = BFC6A4132810879C00DFD772 /* AppDelegate.swift */; };
		BFC6A4182810879C00DFD772 /* MainViewController.swift in Sources */ = {isa = PBXBuildFile; fileRef = BFC6A4172810879C00DFD772 /* MainViewController.swift */; };
		BFC6A41D2810879F00DFD772 /* Assets.xcassets in Resources */ = {isa = PBXBuildFile; fileRef = BFC6A41C2810879F00DFD772 /* Assets.xcassets */; };
		BFC6A4202810879F00DFD772 /* LaunchScreen.storyboard in Resources */ = {isa = PBXBuildFile; fileRef = BFC6A41E2810879F00DFD772 /* LaunchScreen.storyboard */; };
		BFC6A4292810880300DFD772 /* SnapKit in Frameworks */ = {isa = PBXBuildFile; productRef = BFC6A4282810880300DFD772 /* SnapKit */; };
		BFC6A42B2810890C00DFD772 /* HeaderView.swift in Sources */ = {isa = PBXBuildFile; fileRef = BFC6A42A2810890C00DFD772 /* HeaderView.swift */; };
		BFC6A42D281091E800DFD772 /* SearchView.swift in Sources */ = {isa = PBXBuildFile; fileRef = BFC6A42C281091E800DFD772 /* SearchView.swift */; };
		BFC6A42F2810992300DFD772 /* SuggestionsView.swift in Sources */ = {isa = PBXBuildFile; fileRef = BFC6A42E2810992300DFD772 /* SuggestionsView.swift */; };
		BFF034AF2812F50D00282E18 /* BottomView.swift in Sources */ = {isa = PBXBuildFile; fileRef = BFF034AE2812F50D00282E18 /* BottomView.swift */; };
/* End PBXBuildFile section */

/* Begin PBXFileReference section */
		BF3A01972811DC990031AAE5 /* HotelListView.swift */ = {isa = PBXFileReference; lastKnownFileType = sourcecode.swift; path = HotelListView.swift; sourceTree = "<group>"; };
		BF8238B728112E3F00567858 /* HotelCollectionView.swift */ = {isa = PBXFileReference; lastKnownFileType = sourcecode.swift; path = HotelCollectionView.swift; sourceTree = "<group>"; };
		BFC6A4102810879C00DFD772 /* homework_3_IATC_nzmasadov.app */ = {isa = PBXFileReference; explicitFileType = wrapper.application; includeInIndex = 0; path = homework_3_IATC_nzmasadov.app; sourceTree = BUILT_PRODUCTS_DIR; };
		BFC6A4132810879C00DFD772 /* AppDelegate.swift */ = {isa = PBXFileReference; lastKnownFileType = sourcecode.swift; path = AppDelegate.swift; sourceTree = "<group>"; };
		BFC6A4172810879C00DFD772 /* MainViewController.swift */ = {isa = PBXFileReference; lastKnownFileType = sourcecode.swift; path = MainViewController.swift; sourceTree = "<group>"; };
		BFC6A41C2810879F00DFD772 /* Assets.xcassets */ = {isa = PBXFileReference; lastKnownFileType = folder.assetcatalog; path = Assets.xcassets; sourceTree = "<group>"; };
		BFC6A41F2810879F00DFD772 /* Base */ = {isa = PBXFileReference; lastKnownFileType = file.storyboard; name = Base; path = Base.lproj/LaunchScreen.storyboard; sourceTree = "<group>"; };
		BFC6A4212810879F00DFD772 /* Info.plist */ = {isa = PBXFileReference; lastKnownFileType = text.plist.xml; path = Info.plist; sourceTree = "<group>"; };
		BFC6A42A2810890C00DFD772 /* HeaderView.swift */ = {isa = PBXFileReference; lastKnownFileType = sourcecode.swift; path = HeaderView.swift; sourceTree = "<group>"; };
		BFC6A42C281091E800DFD772 /* SearchView.swift */ = {isa = PBXFileReference; lastKnownFileType = sourcecode.swift; path = SearchView.swift; sourceTree = "<group>"; };
		BFC6A42E2810992300DFD772 /* SuggestionsView.swift */ = {isa = PBXFileReference; lastKnownFileType = sourcecode.swift; path = SuggestionsView.swift; sourceTree = "<group>"; };
		BFF034AE2812F50D00282E18 /* BottomView.swift */ = {isa = PBXFileReference; lastKnownFileType = sourcecode.swift; path = BottomView.swift; sourceTree = "<group>"; };
/* End PBXFileReference section */

/* Begin PBXFrameworksBuildPhase section */
		BFC6A40D2810879C00DFD772 /* Frameworks */ = {
			isa = PBXFrameworksBuildPhase;
			buildActionMask = 2147483647;
			files = (
				BFC6A4292810880300DFD772 /* SnapKit in Frameworks */,
			);
			runOnlyForDeploymentPostprocessing = 0;
		};
/* End PBXFrameworksBuildPhase section */

/* Begin PBXGroup section */
		BFC6A4072810879C00DFD772 = {
			isa = PBXGroup;
			children = (
				BFC6A4122810879C00DFD772 /* homework_3_IATC_nzmasadov */,
				BFC6A4112810879C00DFD772 /* Products */,
			);
			sourceTree = "<group>";
		};
		BFC6A4112810879C00DFD772 /* Products */ = {
			isa = PBXGroup;
			children = (
				BFC6A4102810879C00DFD772 /* homework_3_IATC_nzmasadov.app */,
			);
			name = Products;
			sourceTree = "<group>";
		};
		BFC6A4122810879C00DFD772 /* homework_3_IATC_nzmasadov */ = {
			isa = PBXGroup;
			children = (
				BFC6A4132810879C00DFD772 /* AppDelegate.swift */,
				BFC6A4172810879C00DFD772 /* MainViewController.swift */,
				BFC6A42A2810890C00DFD772 /* HeaderView.swift */,
				BFC6A42C281091E800DFD772 /* SearchView.swift */,
				BFC6A42E2810992300DFD772 /* SuggestionsView.swift */,
				BF8238B728112E3F00567858 /* HotelCollectionView.swift */,
				BF3A01972811DC990031AAE5 /* HotelListView.swift */,
				BFF034AE2812F50D00282E18 /* BottomView.swift */,
				BFC6A41C2810879F00DFD772 /* Assets.xcassets */,
				BFC6A41E2810879F00DFD772 /* LaunchScreen.storyboard */,
				BFC6A4212810879F00DFD772 /* Info.plist */,
			);
			path = homework_3_IATC_nzmasadov;
			sourceTree = "<group>";
		};
/* End PBXGroup section */

/* Begin PBXNativeTarget section */
		BFC6A40F2810879C00DFD772 /* homework_3_IATC_nzmasadov */ = {
			isa = PBXNativeTarget;
			buildConfigurationList = BFC6A4242810879F00DFD772 /* Build configuration list for PBXNativeTarget "homework_3_IATC_nzmasadov" */;
			buildPhases = (
				BFC6A40C2810879C00DFD772 /* Sources */,
				BFC6A40D2810879C00DFD772 /* Frameworks */,
				BFC6A40E2810879C00DFD772 /* Resources */,
			);
			buildRules = (
			);
			dependencies = (
			);
			name = homework_3_IATC_nzmasadov;
			packageProductDependencies = (
				BFC6A4282810880300DFD772 /* SnapKit */,
			);
			productName = homework_3_IATC_nzmasadov;
			productReference = BFC6A4102810879C00DFD772 /* homework_3_IATC_nzmasadov.app */;
			productType = "com.apple.product-type.application";
		};
/* End PBXNativeTarget section */

/* Begin PBXProject section */
		BFC6A4082810879C00DFD772 /* Project object */ = {
			isa = PBXProject;
			attributes = {
				BuildIndependentTargetsInParallel = 1;
				LastSwiftUpdateCheck = 1330;
				LastUpgradeCheck = 1330;
				TargetAttributes = {
					BFC6A40F2810879C00DFD772 = {
						CreatedOnToolsVersion = 13.3;
					};
				};
			};
			buildConfigurationList = BFC6A40B2810879C00DFD772 /* Build configuration list for PBXProject "homework_3_IATC_nzmasadov" */;
			compatibilityVersion = "Xcode 13.0";
			developmentRegion = en;
			hasScannedForEncodings = 0;
			knownRegions = (
				en,
				Base,
			);
			mainGroup = BFC6A4072810879C00DFD772;
			packageReferences = (
				BFC6A4272810880300DFD772 /* XCRemoteSwiftPackageReference "SnapKit" */,
			);
			productRefGroup = BFC6A4112810879C00DFD772 /* Products */;
			projectDirPath = "";
			projectRoot = "";
			targets = (
				BFC6A40F2810879C00DFD772 /* homework_3_IATC_nzmasadov */,
			);
		};
/* End PBXProject section */

/* Begin PBXResourcesBuildPhase section */
		BFC6A40E2810879C00DFD772 /* Resources */ = {
			isa = PBXResourcesBuildPhase;
			buildActionMask = 2147483647;
			files = (
				BFC6A4202810879F00DFD772 /* LaunchScreen.storyboard in Resources */,
				BFC6A41D2810879F00DFD772 /* Assets.xcassets in Resources */,
			);
			runOnlyForDeploymentPostprocessing = 0;
		};
/* End PBXResourcesBuildPhase section */

/* Begin PBXSourcesBuildPhase section */
		BFC6A40C2810879C00DFD772 /* Sources */ = {
			isa = PBXSourcesBuildPhase;
			buildActionMask = 2147483647;
			files = (
				BFC6A42F2810992300DFD772 /* SuggestionsView.swift in Sources */,
				BFC6A42D281091E800DFD772 /* SearchView.swift in Sources */,
				BFC6A4182810879C00DFD772 /* MainViewController.swift in Sources */,
				BFF034AF2812F50D00282E18 /* BottomView.swift in Sources */,
				BFC6A42B2810890C00DFD772 /* HeaderView.swift in Sources */,
				BF3A01982811DC990031AAE5 /* HotelListView.swift in Sources */,
				BFC6A4142810879C00DFD772 /* AppDelegate.swift in Sources */,
				BF8238B828112E3F00567858 /* HotelCollectionView.swift in Sources */,
			);
			runOnlyForDeploymentPostprocessing = 0;
		};
/* End PBXSourcesBuildPhase section */

/* Begin PBXVariantGroup section */
		BFC6A41E2810879F00DFD772 /* LaunchScreen.storyboard */ = {
			isa = PBXVariantGroup;
			children = (
				BFC6A41F2810879F00DFD772 /* Base */,
			);
			name = LaunchScreen.storyboard;
			sourceTree = "<group>";
		};
/* End PBXVariantGroup section */

/* Begin XCBuildConfiguration section */
		BFC6A4222810879F00DFD772 /* Debug */ = {
			isa = XCBuildConfiguration;
			buildSettings = {
				ALWAYS_SEARCH_USER_PATHS = NO;
				CLANG_ANALYZER_NONNULL = YES;
				CLANG_ANALYZER_NUMBER_OBJECT_CONVERSION = YES_AGGRESSIVE;
				CLANG_CXX_LANGUAGE_STANDARD = "gnu++17";
				CLANG_ENABLE_MODULES = YES;
				CLANG_ENABLE_OBJC_ARC = YES;
				CLANG_ENABLE_OBJC_WEAK = YES;
				CLANG_WARN_BLOCK_CAPTURE_AUTORELEASING = YES;
				CLANG_WARN_BOOL_CONVERSION = YES;
				CLANG_WARN_COMMA = YES;
				CLANG_WARN_CONSTANT_CONVERSION = YES;
				CLANG_WARN_DEPRECATED_OBJC_IMPLEMENTATIONS = YES;
				CLANG_WARN_DIRECT_OBJC_ISA_USAGE = YES_ERROR;
				CLANG_WARN_DOCUMENTATION_COMMENTS = YES;
				CLANG_WARN_EMPTY_BODY = YES;
				CLANG_WARN_ENUM_CONVERSION = YES;
				CLANG_WARN_INFINITE_RECURSION = YES;
				CLANG_WARN_INT_CONVERSION = YES;
				CLANG_WARN_NON_LITERAL_NULL_CONVERSION = YES;
				CLANG_WARN_OBJC_IMPLICIT_RETAIN_SELF = YES;
				CLANG_WARN_OBJC_LITERAL_CONVERSION = YES;
				CLANG_WARN_OBJC_ROOT_CLASS = YES_ERROR;
				CLANG_WARN_QUOTED_INCLUDE_IN_FRAMEWORK_HEADER = YES;
				CLANG_WARN_RANGE_LOOP_ANALYSIS = YES;
				CLANG_WARN_STRICT_PROTOTYPES = YES;
				CLANG_WARN_SUSPICIOUS_MOVE = YES;
				CLANG_WARN_UNGUARDED_AVAILABILITY = YES_AGGRESSIVE;
				CLANG_WARN_UNREACHABLE_CODE = YES;
				CLANG_WARN__DUPLICATE_METHOD_MATCH = YES;
				COPY_PHASE_STRIP = NO;
				DEBUG_INFORMATION_FORMAT = dwarf;
				ENABLE_STRICT_OBJC_MSGSEND = YES;
				ENABLE_TESTABILITY = YES;
				GCC_C_LANGUAGE_STANDARD = gnu11;
				GCC_DYNAMIC_NO_PIC = NO;
				GCC_NO_COMMON_BLOCKS = YES;
				GCC_OPTIMIZATION_LEVEL = 0;
				GCC_PREPROCESSOR_DEFINITIONS = (
					"DEBUG=1",
					"$(inherited)",
				);
				GCC_WARN_64_TO_32_BIT_CONVERSION = YES;
				GCC_WARN_ABOUT_RETURN_TYPE = YES_ERROR;
				GCC_WARN_UNDECLARED_SELECTOR = YES;
				GCC_WARN_UNINITIALIZED_AUTOS = YES_AGGRESSIVE;
				GCC_WARN_UNUSED_FUNCTION = YES;
				GCC_WARN_UNUSED_VARIABLE = YES;
				IPHONEOS_DEPLOYMENT_TARGET = 15.4;
				MTL_ENABLE_DEBUG_INFO = INCLUDE_SOURCE;
				MTL_FAST_MATH = YES;
				ONLY_ACTIVE_ARCH = YES;
				SDKROOT = iphoneos;
				SWIFT_ACTIVE_COMPILATION_CONDITIONS = DEBUG;
				SWIFT_OPTIMIZATION_LEVEL = "-Onone";
			};
			name = Debug;
		};
		BFC6A4232810879F00DFD772 /* Release */ = {
			isa = XCBuildConfiguration;
			buildSettings = {
				ALWAYS_SEARCH_USER_PATHS = NO;
				CLANG_ANALYZER_NONNULL = YES;
				CLANG_ANALYZER_NUMBER_OBJECT_CONVERSION = YES_AGGRESSIVE;
				CLANG_CXX_LANGUAGE_STANDARD = "gnu++17";
				CLANG_ENABLE_MODULES = YES;
				CLANG_ENABLE_OBJC_ARC = YES;
				CLANG_ENABLE_OBJC_WEAK = YES;
				CLANG_WARN_BLOCK_CAPTURE_AUTORELEASING = YES;
				CLANG_WARN_BOOL_CONVERSION = YES;
				CLANG_WARN_COMMA = YES;
				CLANG_WARN_CONSTANT_CONVERSION = YES;
				CLANG_WARN_DEPRECATED_OBJC_IMPLEMENTATIONS = YES;
				CLANG_WARN_DIRECT_OBJC_ISA_USAGE = YES_ERROR;
				CLANG_WARN_DOCUMENTATION_COMMENTS = YES;
				CLANG_WARN_EMPTY_BODY = YES;
				CLANG_WARN_ENUM_CONVERSION = YES;
				CLANG_WARN_INFINITE_RECURSION = YES;
				CLANG_WARN_INT_CONVERSION = YES;
				CLANG_WARN_NON_LITERAL_NULL_CONVERSION = YES;
				CLANG_WARN_OBJC_IMPLICIT_RETAIN_SELF = YES;
				CLANG_WARN_OBJC_LITERAL_CONVERSION = YES;
				CLANG_WARN_OBJC_ROOT_CLASS = YES_ERROR;
				CLANG_WARN_QUOTED_INCLUDE_IN_FRAMEWORK_HEADER = YES;
				CLANG_WARN_RANGE_LOOP_ANALYSIS = YES;
				CLANG_WARN_STRICT_PROTOTYPES = YES;
				CLANG_WARN_SUSPICIOUS_MOVE = YES;
				CLANG_WARN_UNGUARDED_AVAILABILITY = YES_AGGRESSIVE;
				CLANG_WARN_UNREACHABLE_CODE = YES;
				CLANG_WARN__DUPLICATE_METHOD_MATCH = YES;
				COPY_PHASE_STRIP = NO;
				DEBUG_INFORMATION_FORMAT = "dwarf-with-dsym";
				ENABLE_NS_ASSERTIONS = NO;
				ENABLE_STRICT_OBJC_MSGSEND = YES;
				GCC_C_LANGUAGE_STANDARD = gnu11;
				GCC_NO_COMMON_BLOCKS = YES;
				GCC_WARN_64_TO_32_BIT_CONVERSION = YES;
				GCC_WARN_ABOUT_RETURN_TYPE = YES_ERROR;
				GCC_WARN_UNDECLARED_SELECTOR = YES;
				GCC_WARN_UNINITIALIZED_AUTOS = YES_AGGRESSIVE;
				GCC_WARN_UNUSED_FUNCTION = YES;
				GCC_WARN_UNUSED_VARIABLE = YES;
				IPHONEOS_DEPLOYMENT_TARGET = 15.4;
				MTL_ENABLE_DEBUG_INFO = NO;
				MTL_FAST_MATH = YES;
				SDKROOT = iphoneos;
				SWIFT_COMPILATION_MODE = wholemodule;
				SWIFT_OPTIMIZATION_LEVEL = "-O";
				VALIDATE_PRODUCT = YES;
			};
			name = Release;
		};
		BFC6A4252810879F00DFD772 /* Debug */ = {
			isa = XCBuildConfiguration;
			buildSettings = {
				ASSETCATALOG_COMPILER_APPICON_NAME = AppIcon;
				ASSETCATALOG_COMPILER_GLOBAL_ACCENT_COLOR_NAME = AccentColor;
				CODE_SIGN_STYLE = Automatic;
				CURRENT_PROJECT_VERSION = 1;
				DEVELOPMENT_TEAM = 6HY29LK9SJ;
				GENERATE_INFOPLIST_FILE = YES;
				INFOPLIST_FILE = homework_3_IATC_nzmasadov/Info.plist;
				INFOPLIST_KEY_UIApplicationSupportsIndirectInputEvents = YES;
				INFOPLIST_KEY_UILaunchStoryboardName = LaunchScreen;
				INFOPLIST_KEY_UISupportedInterfaceOrientations_iPad = "UIInterfaceOrientationPortrait UIInterfaceOrientationPortraitUpsideDown UIInterfaceOrientationLandscapeLeft UIInterfaceOrientationLandscapeRight";
				INFOPLIST_KEY_UISupportedInterfaceOrientations_iPhone = "UIInterfaceOrientationPortrait UIInterfaceOrientationLandscapeLeft UIInterfaceOrientationLandscapeRight";
				LD_RUNPATH_SEARCH_PATHS = (
					"$(inherited)",
					"@executable_path/Frameworks",
				);
				MARKETING_VERSION = 1.0;
				PRODUCT_BUNDLE_IDENTIFIER = "com.nzm.homework-3-IATC-nzmasadov";
				PRODUCT_NAME = "$(TARGET_NAME)";
				SWIFT_EMIT_LOC_STRINGS = YES;
				SWIFT_VERSION = 5.0;
				TARGETED_DEVICE_FAMILY = 1;
			};
			name = Debug;
		};
		BFC6A4262810879F00DFD772 /* Release */ = {
			isa = XCBuildConfiguration;
			buildSettings = {
				ASSETCATALOG_COMPILER_APPICON_NAME = AppIcon;
				ASSETCATALOG_COMPILER_GLOBAL_ACCENT_COLOR_NAME = AccentColor;
				CODE_SIGN_STYLE = Automatic;
				CURRENT_PROJECT_VERSION = 1;
				DEVELOPMENT_TEAM = 6HY29LK9SJ;
				GENERATE_INFOPLIST_FILE = YES;
				INFOPLIST_FILE = homework_3_IATC_nzmasadov/Info.plist;
				INFOPLIST_KEY_UIApplicationSupportsIndirectInputEvents = YES;
				INFOPLIST_KEY_UILaunchStoryboardName = LaunchScreen;
				INFOPLIST_KEY_UISupportedInterfaceOrientations_iPad = "UIInterfaceOrientationPortrait UIInterfaceOrientationPortraitUpsideDown UIInterfaceOrientationLandscapeLeft UIInterfaceOrientationLandscapeRight";
				INFOPLIST_KEY_UISupportedInterfaceOrientations_iPhone = "UIInterfaceOrientationPortrait UIInterfaceOrientationLandscapeLeft UIInterfaceOrientationLandscapeRight";
				LD_RUNPATH_SEARCH_PATHS = (
					"$(inherited)",
					"@executable_path/Frameworks",
				);
				MARKETING_VERSION = 1.0;
				PRODUCT_BUNDLE_IDENTIFIER = "com.nzm.homework-3-IATC-nzmasadov";
				PRODUCT_NAME = "$(TARGET_NAME)";
				SWIFT_EMIT_LOC_STRINGS = YES;
				SWIFT_VERSION = 5.0;
				TARGETED_DEVICE_FAMILY = 1;
			};
			name = Release;
		};
/* End XCBuildConfiguration section */

/* Begin XCConfigurationList section */
		BFC6A40B2810879C00DFD772 /* Build configuration list for PBXProject "homework_3_IATC_nzmasadov" */ = {
			isa = XCConfigurationList;
			buildConfigurations = (
				BFC6A4222810879F00DFD772 /* Debug */,
				BFC6A4232810879F00DFD772 /* Release */,
			);
			defaultConfigurationIsVisible = 0;
			defaultConfigurationName = Release;
		};
		BFC6A4242810879F00DFD772 /* Build configuration list for PBXNativeTarget "homework_3_IATC_nzmasadov" */ = {
			isa = XCConfigurationList;
			buildConfigurations = (
				BFC6A4252810879F00DFD772 /* Debug */,
				BFC6A4262810879F00DFD772 /* Release */,
			);
			defaultConfigurationIsVisible = 0;
			defaultConfigurationName = Release;
		};
/* End XCConfigurationList section */

/* Begin XCRemoteSwiftPackageReference section */
		BFC6A4272810880300DFD772 /* XCRemoteSwiftPackageReference "SnapKit" */ = {
			isa = XCRemoteSwiftPackageReference;
			repositoryURL = "https://github.com/SnapKit/SnapKit.git";
			requirement = {
				kind = upToNextMinorVersion;
				minimumVersion = 5.6.0;
			};
		};
/* End XCRemoteSwiftPackageReference section */

/* Begin XCSwiftPackageProductDependency section */
		BFC6A4282810880300DFD772 /* SnapKit */ = {
			isa = XCSwiftPackageProductDependency;
			package = BFC6A4272810880300DFD772 /* XCRemoteSwiftPackageReference "SnapKit" */;
			productName = SnapKit;
		};
/* End XCSwiftPackageProductDependency section */
	};
	rootObject = BFC6A4082810879C00DFD772 /* Project object */;
}
